
Microsoft Visual Studio Solution File, Format Version 12.00
# Visual Studio Version 16
VisualStudioVersion = 16.0.31321.278
MinimumVisualStudioVersion = 10.0.40219.1
Project("{FAE04EC0-301F-11D3-BF4B-00C04F79EFBC}") = "hc-mutation-exception", "hc-mutation-exception\hc-mutation-exception.csproj", "{EF6D664B-5566-418A-91D7-A5268D6D53DA}"
EndProject
Global
	GlobalSection(SolutionConfigurationPlatforms) = preSolution
		Debug|Any CPU = Debug|Any CPU
		Release|Any CPU = Release|Any CPU
	EndGlobalSection
	GlobalSection(ProjectConfigurationPlatforms) = postSolution
		{EF6D664B-5566-418A-91D7-A5268D6D53DA}.Debug|Any CPU.ActiveCfg = Debug|Any CPU
		{EF6D664B-5566-418A-91D7-A5268D6D53DA}.Debug|Any CPU.Build.0 = Debug|Any CPU
		{EF6D664B-5566-418A-91D7-A5268D6D53DA}.Release|Any CPU.ActiveCfg = Release|Any CPU
		{EF6D664B-5566-418A-91D7-A5268D6D53DA}.Release|Any CPU.Build.0 = Release|Any CPU
	EndGlobalSection
	GlobalSection(SolutionProperties) = preSolution
		HideSolutionNode = FALSE
	EndGlobalSection
	GlobalSection(ExtensibilityGlobals) = postSolution
		SolutionGuid = {5779FCD7-83AE-4640-88E9-16DC1F227039}
	EndGlobalSection
EndGlobal
